
Microsoft Visual Studio Solution File, Format Version 12.00
# Visual Studio Version 16
VisualStudioVersion = 16.0.30204.135
MinimumVisualStudioVersion = 10.0.40219.1
Project("{FAE04EC0-301F-11D3-BF4B-00C04F79EFBC}") = "compositionCSharp", "compositionCSharp.csproj", "{61764BEE-5982-4A5C-8F13-C24927A17F90}"
EndProject
Global
	GlobalSection(SolutionConfigurationPlatforms) = preSolution
		Debug|Any CPU = Debug|Any CPU
		Release|Any CPU = Release|Any CPU
	EndGlobalSection
	GlobalSection(ProjectConfigurationPlatforms) = postSolution
		{61764BEE-5982-4A5C-8F13-C24927A17F90}.Debug|Any CPU.ActiveCfg = Debug|Any CPU
		{61764BEE-5982-4A5C-8F13-C24927A17F90}.Debug|Any CPU.Build.0 = Debug|Any CPU
		{61764BEE-5982-4A5C-8F13-C24927A17F90}.Release|Any CPU.ActiveCfg = Release|Any CPU
		{61764BEE-5982-4A5C-8F13-C24927A17F90}.Release|Any CPU.Build.0 = Release|Any CPU
	EndGlobalSection
	GlobalSection(SolutionProperties) = preSolution
		HideSolutionNode = FALSE
	EndGlobalSection
	GlobalSection(ExtensibilityGlobals) = postSolution
		SolutionGuid = {7B7C4040-DADB-48E0-BE80-18B62980215B}
	EndGlobalSection
EndGlobal
