
Microsoft Visual Studio Solution File, Format Version 12.00
# Visual Studio Version 16
VisualStudioVersion = 16.0.30204.135
MinimumVisualStudioVersion = 10.0.40219.1
Project("{FAE04EC0-301F-11D3-BF4B-00C04F79EFBC}") = "interfacepolymorphismCSharp", "interfacepolymorphismCSharp.csproj", "{B260485B-5952-4B19-9883-E594608200AD}"
EndProject
Global
	GlobalSection(SolutionConfigurationPlatforms) = preSolution
		Debug|Any CPU = Debug|Any CPU
		Release|Any CPU = Release|Any CPU
	EndGlobalSection
	GlobalSection(ProjectConfigurationPlatforms) = postSolution
		{B260485B-5952-4B19-9883-E594608200AD}.Debug|Any CPU.ActiveCfg = Debug|Any CPU
		{B260485B-5952-4B19-9883-E594608200AD}.Debug|Any CPU.Build.0 = Debug|Any CPU
		{B260485B-5952-4B19-9883-E594608200AD}.Release|Any CPU.ActiveCfg = Release|Any CPU
		{B260485B-5952-4B19-9883-E594608200AD}.Release|Any CPU.Build.0 = Release|Any CPU
	EndGlobalSection
	GlobalSection(SolutionProperties) = preSolution
		HideSolutionNode = FALSE
	EndGlobalSection
	GlobalSection(ExtensibilityGlobals) = postSolution
		SolutionGuid = {79D9FC23-BB5B-4838-9F9D-A6EDEA18EC8D}
	EndGlobalSection
EndGlobal
