
Microsoft Visual Studio Solution File, Format Version 12.00
# Visual Studio Version 16
VisualStudioVersion = 16.0.30204.135
MinimumVisualStudioVersion = 10.0.40219.1
Project("{FAE04EC0-301F-11D3-BF4B-00C04F79EFBC}") = "sequence", "sequence.csproj", "{2E8209DC-88BD-4B8F-852A-81A7C28CD49C}"
EndProject
Global
	GlobalSection(SolutionConfigurationPlatforms) = preSolution
		Debug|Any CPU = Debug|Any CPU
		Release|Any CPU = Release|Any CPU
	EndGlobalSection
	GlobalSection(ProjectConfigurationPlatforms) = postSolution
		{2E8209DC-88BD-4B8F-852A-81A7C28CD49C}.Debug|Any CPU.ActiveCfg = Debug|Any CPU
		{2E8209DC-88BD-4B8F-852A-81A7C28CD49C}.Debug|Any CPU.Build.0 = Debug|Any CPU
		{2E8209DC-88BD-4B8F-852A-81A7C28CD49C}.Release|Any CPU.ActiveCfg = Release|Any CPU
		{2E8209DC-88BD-4B8F-852A-81A7C28CD49C}.Release|Any CPU.Build.0 = Release|Any CPU
	EndGlobalSection
	GlobalSection(SolutionProperties) = preSolution
		HideSolutionNode = FALSE
	EndGlobalSection
	GlobalSection(ExtensibilityGlobals) = postSolution
		SolutionGuid = {4DD224AF-0E1E-4ACB-AC9F-12DB5D9F3146}
	EndGlobalSection
EndGlobal
