
Microsoft Visual Studio Solution File, Format Version 12.00
# Visual Studio Version 16
VisualStudioVersion = 16.0.30204.135
MinimumVisualStudioVersion = 10.0.40219.1
Project("{FAE04EC0-301F-11D3-BF4B-00C04F79EFBC}") = "CSharpClasses", "CSharpClasses.csproj", "{B8EBD48E-58E6-49E7-9D4E-FE473EF19FC8}"
EndProject
Global
	GlobalSection(SolutionConfigurationPlatforms) = preSolution
		Debug|Any CPU = Debug|Any CPU
		Release|Any CPU = Release|Any CPU
	EndGlobalSection
	GlobalSection(ProjectConfigurationPlatforms) = postSolution
		{B8EBD48E-58E6-49E7-9D4E-FE473EF19FC8}.Debug|Any CPU.ActiveCfg = Debug|Any CPU
		{B8EBD48E-58E6-49E7-9D4E-FE473EF19FC8}.Debug|Any CPU.Build.0 = Debug|Any CPU
		{B8EBD48E-58E6-49E7-9D4E-FE473EF19FC8}.Release|Any CPU.ActiveCfg = Release|Any CPU
		{B8EBD48E-58E6-49E7-9D4E-FE473EF19FC8}.Release|Any CPU.Build.0 = Release|Any CPU
	EndGlobalSection
	GlobalSection(SolutionProperties) = preSolution
		HideSolutionNode = FALSE
	EndGlobalSection
	GlobalSection(ExtensibilityGlobals) = postSolution
		SolutionGuid = {237A5A91-8CB9-4902-8FDB-93D40B666DA7}
	EndGlobalSection
EndGlobal
